<?xml version="1.0" encoding="UTF-8" standalone="yes" ?>
<CodeBlocks_project_file>
	<FileVersion major="1" minor="6" />
	<Project>
		<Option title="parser" />
		<Option pch_mode="2" />
		<Option compiler="gcc" />
		<Build>
			<Target title="Debug Win32">
				<Option platforms="Windows;" />
				<Option output="parser" prefix_auto="1" extension_auto="1" />
				<Option object_output="Debug Win32" />
				<Option type="1" />
				<Option compiler="gcc" />
				<Option parameters="unittests\procsAndFuncs2.kum unittests\procsAndFuncs2.dot" />
				<Compiler>
					<Add option="-w" />
					<Add option="-g" />
					<Add option="-O0 -std=c99" />
					<Add option="-DWIN32" />
					<Add option="-D_DEBUG" />
					<Add option="-D_CONSOLE" />
				</Compiler>
			</Target>
			<Target title="Release Win32">
				<Option platforms="Windows;" />
				<Option output="parser" prefix_auto="1" extension_auto="1" />
				<Option object_output="Release Win32" />
				<Option type="1" />
				<Option compiler="gcc" />
				<Compiler>
					<Add option="-DWIN32" />
					<Add option="-DNDEBUG" />
					<Add option="-D_CONSOLE" />
					<Add option="-W" />
					<Add option="-O2" />
				</Compiler>
			</Target>
			<Target title="WithoutCRT Win32">
				<Option platforms="Windows;" />
				<Option output="parser" prefix_auto="1" extension_auto="1" />
				<Option object_output="WithoutCRT Win32" />
				<Option type="1" />
				<Option compiler="gcc" />
				<Compiler>
					<Add option="-DWIN32" />
					<Add option="-D_DEBUG" />
					<Add option="-D_CONSOLE" />
					<Add option="-w" />
					<Add option="-g" />
					<Add option="-O0" />
				</Compiler>
			</Target>
		</Build>
		<Unit filename="headers\parser.tab.h" />
		<Unit filename="headers\tree_funcs.h" />
		<Unit filename="headers\tree_structs.h" />
		<Unit filename="other\lexer.l">
			<Option weight="100" />
			<Option target="&lt;{~None~}&gt;" />
		</Unit>
		<Unit filename="other\parser.y">
			<Option weight="100" />
			<Option compiler="gcc" use="0" buildCommand=" " />
			<Option target="&lt;{~None~}&gt;" />
		</Unit>
		<Unit filename="sources\lex.yy.c">
			<Option compilerVar="CC" />
		</Unit>
		<Unit filename="sources\parser.tab.c">
			<Option compilerVar="CC" />
		</Unit>
		<Unit filename="sources\tree_funcs.c">
			<Option compilerVar="CC" />
		</Unit>
		<Extensions>
			<code_completion />
			<debugger />
		</Extensions>
	</Project>
</CodeBlocks_project_file>
